// !$*UTF8*$!
{
	archiveVersion = 1;
	classes = {
	};
	objectVersion = 56;
	objects = {

/* Begin PBXBuildFile section */
		/* Sources */
		A1000001 /* AppDelegate.swift in Sources */ = {isa = PBXBuildFile; fileRef = A1000000 /* AppDelegate.swift */; };
		A1000003 /* SceneDelegate.swift in Sources */ = {isa = PBXBuildFile; fileRef = A1000002 /* SceneDelegate.swift */; };
		A1000005 /* MainViewController.swift in Sources */ = {isa = PBXBuildFile; fileRef = A1000004 /* MainViewController.swift */; };
		A1000007 /* ExchangeViewController.swift in Sources */ = {isa = PBXBuildFile; fileRef = A1000006 /* ExchangeViewController.swift */; };
		A1000009 /* MarketViewController.swift in Sources */ = {isa = PBXBuildFile; fileRef = A1000008 /* MarketViewController.swift */; };
		A100000B /* FAQViewController.swift in Sources */ = {isa = PBXBuildFile; fileRef = A100000A /* FAQViewController.swift */; };
		A100000D /* SettingsViewController.swift in Sources */ = {isa = PBXBuildFile; fileRef = A100000C /* SettingsViewController.swift */; };
		A100000F /* Token.swift in Sources */ = {isa = PBXBuildFile; fileRef = A100000E /* Token.swift */; };
		A1000011 /* DEX.swift in Sources */ = {isa = PBXBuildFile; fileRef = A1000010 /* DEX.swift */; };
		A1000013 /* SwapQuote.swift in Sources */ = {isa = PBXBuildFile; fileRef = A1000012 /* SwapQuote.swift */; };
		A1000015 /* MarketData.swift in Sources */ = {isa = PBXBuildFile; fileRef = A1000014 /* MarketData.swift */; };
		A1000017 /* Theme.swift in Sources */ = {isa = PBXBuildFile; fileRef = A1000016 /* Theme.swift */; };
		A1000019 /* Language.swift in Sources */ = {isa = PBXBuildFile; fileRef = A1000018 /* Language.swift */; };
		A100001B /* ApiService.swift in Sources */ = {isa = PBXBuildFile; fileRef = A100001A /* ApiService.swift */; };
		A100001D /* WalletManager.swift in Sources */ = {isa = PBXBuildFile; fileRef = A100001C /* WalletManager.swift */; };
		A100001F /* ThemeManager.swift in Sources */ = {isa = PBXBuildFile; fileRef = A100001E /* ThemeManager.swift */; };
		A1000021 /* LocalizationManager.swift in Sources */ = {isa = PBXBuildFile; fileRef = A1000020 /* LocalizationManager.swift */; };
		A1000023 /* WebViewBridge.swift in Sources */ = {isa = PBXBuildFile; fileRef = A1000022 /* WebViewBridge.swift */; };
		A1000025 /* TokenCardView.swift in Sources */ = {isa = PBXBuildFile; fileRef = A1000024 /* TokenCardView.swift */; };
		A1000027 /* DEXCardView.swift in Sources */ = {isa = PBXBuildFile; fileRef = A1000026 /* DEXCardView.swift */; };
		A1000029 /* SwapInputView.swift in Sources */ = {isa = PBXBuildFile; fileRef = A1000028 /* SwapInputView.swift */; };
		A100002B /* MarketTableViewCell.swift in Sources */ = {isa = PBXBuildFile; fileRef = A100002A /* MarketTableViewCell.swift */; };
		A100002D /* FAQTableViewCell.swift in Sources */ = {isa = PBXBuildFile; fileRef = A100002C /* FAQTableViewCell.swift */; };
		A100002F /* ThemeButton.swift in Sources */ = {isa = PBXBuildFile; fileRef = A100002E /* ThemeButton.swift */; };
		A1000031 /* Constants.swift in Sources */ = {isa = PBXBuildFile; fileRef = A1000030 /* Constants.swift */; };
		A1000033 /* Extensions.swift in Sources */ = {isa = PBXBuildFile; fileRef = A1000032 /* Extensions.swift */; };
		A1000035 /* Formatters.swift in Sources */ = {isa = PBXBuildFile; fileRef = A1000034 /* Formatters.swift */; };
		/* Resources */
		A1000037 /* LaunchScreen.storyboard in Resources */ = {isa = PBXBuildFile; fileRef = A1000036 /* LaunchScreen.storyboard */; };
		A1000039 /* Main.storyboard in Resources */ = {isa = PBXBuildFile; fileRef = A1000038 /* Main.storyboard */; };
		A100003B /* Assets.xcassets in Resources */ = {isa = PBXBuildFile; fileRef = A100003A /* Assets.xcassets */; };
		A1000041 /* Localizable.strings in Resources */ = {isa = PBXBuildFile; fileRef = A1000040 /* Localizable.strings */; };
		A1000043 /* Localizable.strings in Resources */ = {isa = PBXBuildFile; fileRef = A1000042 /* Localizable.strings */; };
		A1000045 /* Localizable.strings in Resources */ = {isa = PBXBuildFile; fileRef = A1000044 /* Localizable.strings */; };
		A1000047 /* Localizable.strings in Resources */ = {isa = PBXBuildFile; fileRef = A1000046 /* Localizable.strings */; };
		A1000049 /* Localizable.strings in Resources */ = {isa = PBXBuildFile; fileRef = A1000048 /* Localizable.strings */; };
		A100004B /* Localizable.strings in Resources */ = {isa = PBXBuildFile; fileRef = A100004A /* Localizable.strings */; };
		A100004D /* webview_error.html in Resources */ = {isa = PBXBuildFile; fileRef = A100004C /* webview_error.html */; };
/* End PBXBuildFile section */

/* Begin PBXFileReference section */
		A1FFFFFF /* EACOswap.app */ = {isa = PBXFileReference; explicitFileType = wrapper.application; includeInIndex = 0; path = EACOswap.app; sourceTree = BUILT_PRODUCTS_DIR; };
		A1000000 /* AppDelegate.swift */ = {isa = PBXFileReference; lastKnownFileType = sourcecode.swift; path = AppDelegate.swift; sourceTree = "<group>"; };
		A1000002 /* SceneDelegate.swift */ = {isa = PBXFileReference; lastKnownFileType = sourcecode.swift; path = SceneDelegate.swift; sourceTree = "<group>"; };
		A1000004 /* MainViewController.swift */ = {isa = PBXFileReference; lastKnownFileType = sourcecode.swift; path = MainViewController.swift; sourceTree = "<group>"; };
		A1000006 /* ExchangeViewController.swift */ = {isa = PBXFileReference; lastKnownFileType = sourcecode.swift; path = ExchangeViewController.swift; sourceTree = "<group>"; };
		A1000008 /* MarketViewController.swift */ = {isa = PBXFileReference; lastKnownFileType = sourcecode.swift; path = MarketViewController.swift; sourceTree = "<group>"; };
		A100000A /* FAQViewController.swift */ = {isa = PBXFileReference; lastKnownFileType = sourcecode.swift; path = FAQViewController.swift; sourceTree = "<group>"; };
		A100000C /* SettingsViewController.swift */ = {isa = PBXFileReference; lastKnownFileType = sourcecode.swift; path = SettingsViewController.swift; sourceTree = "<group>"; };
		A100000E /* Token.swift */ = {isa = PBXFileReference; lastKnownFileType = sourcecode.swift; path = Token.swift; sourceTree = "<group>"; };
		A1000010 /* DEX.swift */ = {isa = PBXFileReference; lastKnownFileType = sourcecode.swift; path = DEX.swift; sourceTree = "<group>"; };
		A1000012 /* SwapQuote.swift */ = {isa = PBXFileReference; lastKnownFileType = sourcecode.swift; path = SwapQuote.swift; sourceTree = "<group>"; };
		A1000014 /* MarketData.swift */ = {isa = PBXFileReference; lastKnownFileType = sourcecode.swift; path = MarketData.swift; sourceTree = "<group>"; };
		A1000016 /* Theme.swift */ = {isa = PBXFileReference; lastKnownFileType = sourcecode.swift; path = Theme.swift; sourceTree = "<group>"; };
		A1000018 /* Language.swift */ = {isa = PBXFileReference; lastKnownFileType = sourcecode.swift; path = Language.swift; sourceTree = "<group>"; };
		A100001A /* ApiService.swift */ = {isa = PBXFileReference; lastKnownFileType = sourcecode.swift; path = ApiService.swift; sourceTree = "<group>"; };
		A100001C /* WalletManager.swift */ = {isa = PBXFileReference; lastKnownFileType = sourcecode.swift; path = WalletManager.swift; sourceTree = "<group>"; };
		A100001E /* ThemeManager.swift */ = {isa = PBXFileReference; lastKnownFileType = sourcecode.swift; path = ThemeManager.swift; sourceTree = "<group>"; };
		A1000020 /* LocalizationManager.swift */ = {isa = PBXFileReference; lastKnownFileType = sourcecode.swift; path = LocalizationManager.swift; sourceTree = "<group>"; };
		A1000022 /* WebViewBridge.swift */ = {isa = PBXFileReference; lastKnownFileType = sourcecode.swift; path = WebViewBridge.swift; sourceTree = "<group>"; };
		A1000024 /* TokenCardView.swift */ = {isa = PBXFileReference; lastKnownFileType = sourcecode.swift; path = TokenCardView.swift; sourceTree = "<group>"; };
		A1000026 /* DEXCardView.swift */ = {isa = PBXFileReference; lastKnownFileType = sourcecode.swift; path = DEXCardView.swift; sourceTree = "<group>"; };
		A1000028 /* SwapInputView.swift */ = {isa = PBXFileReference; lastKnownFileType = sourcecode.swift; path = SwapInputView.swift; sourceTree = "<group>"; };
		A100002A /* MarketTableViewCell.swift */ = {isa = PBXFileReference; lastKnownFileType = sourcecode.swift; path = MarketTableViewCell.swift; sourceTree = "<group>"; };
		A100002C /* FAQTableViewCell.swift */ = {isa = PBXFileReference; lastKnownFileType = sourcecode.swift; path = FAQTableViewCell.swift; sourceTree = "<group>"; };
		A100002E /* ThemeButton.swift */ = {isa = PBXFileReference; lastKnownFileType = sourcecode.swift; path = ThemeButton.swift; sourceTree = "<group>"; };
		A1000030 /* Constants.swift */ = {isa = PBXFileReference; lastKnownFileType = sourcecode.swift; path = Constants.swift; sourceTree = "<group>"; };
		A1000032 /* Extensions.swift */ = {isa = PBXFileReference; lastKnownFileType = sourcecode.swift; path = Extensions.swift; sourceTree = "<group>"; };
		A1000034 /* Formatters.swift */ = {isa = PBXFileReference; lastKnownFileType = sourcecode.swift; path = Formatters.swift; sourceTree = "<group>"; };
		A1000036 /* LaunchScreen.storyboard */ = {isa = PBXFileReference; lastKnownFileType = file.storyboard; path = LaunchScreen.storyboard; sourceTree = "<group>"; };
		A1000038 /* Main.storyboard */ = {isa = PBXFileReference; lastKnownFileType = file.storyboard; path = Main.storyboard; sourceTree = "<group>"; };
		A100003A /* Assets.xcassets */ = {isa = PBXFileReference; lastKnownFileType = folder.assetcatalog; path = Assets.xcassets; sourceTree = "<group>"; };
		A100003C /* Info.plist */ = {isa = PBXFileReference; lastKnownFileType = text.plist.xml; path = Info.plist; sourceTree = "<group>"; };
		A100003E /* Contents.json */ = {isa = PBXFileReference; lastKnownFileType = text.json; path = Contents.json; sourceTree = "<group>"; };
		A1000040 /* Localizable.strings */ = {isa = PBXFileReference; lastKnownFileType = text.plist.strings; path = Localizable.strings; sourceTree = "<group>"; };
		A1000042 /* Localizable.strings */ = {isa = PBXFileReference; lastKnownFileType = text.plist.strings; path = Localizable.strings; sourceTree = "<group>"; };
		A1000044 /* Localizable.strings */ = {isa = PBXFileReference; lastKnownFileType = text.plist.strings; path = Localizable.strings; sourceTree = "<group>"; };
		A1000046 /* Localizable.strings */ = {isa = PBXFileReference; lastKnownFileType = text.plist.strings; path = Localizable.strings; sourceTree = "<group>"; };
		A1000048 /* Localizable.strings */ = {isa = PBXFileReference; lastKnownFileType = text.plist.strings; path = Localizable.strings; sourceTree = "<group>"; };
		A100004A /* Localizable.strings */ = {isa = PBXFileReference; lastKnownFileType = text.plist.strings; path = Localizable.strings; sourceTree = "<group>"; };
		A100004C /* webview_error.html */ = {isa = PBXFileReference; lastKnownFileType = text.html; path = webview_error.html; sourceTree = "<group>"; };
/* End PBXFileReference section */

/* Begin PBXFrameworksBuildPhase section */
		A1FFFEFA /* Frameworks */ = {
			isa = PBXFrameworksBuildPhase;
			buildActionMask = 2147483647;
			files = (
			);
			runOnlyForDeploymentPostprocessing = 0;
		};
/* End PBXFrameworksBuildPhase section */

/* Begin PBXGroup section */
		A1FFFEF0 = {
			isa = PBXGroup;
			children = (
				A100003D /* EACOswap */,
				A10000FF /* Products */,
			);
			sourceTree = "<group>";
		};
		A10000FF /* Products */ = {
			isa = PBXGroup;
			children = (
				A1FFFFFF /* EACOswap.app */,
			);
			name = Products;
			sourceTree = "<group>";
		};
		A100003D /* EACOswap */ = {
			isa = PBXGroup;
			children = (
				A1000000 /* AppDelegate.swift */,
				A1000002 /* SceneDelegate.swift */,
				A100003C /* Info.plist */,
				A1000050 /* ViewControllers */,
				A1000051 /* Models */,
				A1000052 /* Services */,
				A1000053 /* Views */,
				A1000054 /* Utils */,
				A1000055 /* Resources */,
				A1000056 /* Base.lproj */,
				A100003A /* Assets.xcassets */,
			);
			path = EACOswap;
			sourceTree = "<group>";
		};
		A1000050 /* ViewControllers */ = {
			isa = PBXGroup;
			children = (
				A1000004 /* MainViewController.swift */,
				A1000006 /* ExchangeViewController.swift */,
				A1000008 /* MarketViewController.swift */,
				A100000A /* FAQViewController.swift */,
				A100000C /* SettingsViewController.swift */,
			);
			path = ViewControllers;
			sourceTree = "<group>";
		};
		A1000051 /* Models */ = {
			isa = PBXGroup;
			children = (
				A100000E /* Token.swift */,
				A1000010 /* DEX.swift */,
				A1000012 /* SwapQuote.swift */,
				A1000014 /* MarketData.swift */,
				A1000016 /* Theme.swift */,
				A1000018 /* Language.swift */,
			);
			path = Models;
			sourceTree = "<group>";
		};
		A1000052 /* Services */ = {
			isa = PBXGroup;
			children = (
				A100001A /* ApiService.swift */,
				A100001C /* WalletManager.swift */,
				A100001E /* ThemeManager.swift */,
				A1000020 /* LocalizationManager.swift */,
				A1000022 /* WebViewBridge.swift */,
			);
			path = Services;
			sourceTree = "<group>";
		};
		A1000053 /* Views */ = {
			isa = PBXGroup;
			children = (
				A1000024 /* TokenCardView.swift */,
				A1000026 /* DEXCardView.swift */,
				A1000028 /* SwapInputView.swift */,
				A100002A /* MarketTableViewCell.swift */,
				A100002C /* FAQTableViewCell.swift */,
				A100002E /* ThemeButton.swift */,
			);
			path = Views;
			sourceTree = "<group>";
		};
		A1000054 /* Utils */ = {
			isa = PBXGroup;
			children = (
				A1000030 /* Constants.swift */,
				A1000032 /* Extensions.swift */,
				A1000034 /* Formatters.swift */,
			);
			path = Utils;
			sourceTree = "<group>";
		};
		A1000055 /* Resources */ = {
			isa = PBXGroup;
			children = (
				A1000057 /* en.lproj */,
				A1000058 /* zh-Hans.lproj */,
				A1000059 /* es.lproj */,
				A100005A /* ar.lproj */,
				A100005B /* fr.lproj */,
				A100005C /* ru.lproj */,
				A100004C /* webview_error.html */,
			);
			path = Resources;
			sourceTree = "<group>";
		};
		A1000056 /* Base.lproj */ = {
			isa = PBXGroup;
			children = (
				A1000036 /* LaunchScreen.storyboard */,
				A1000038 /* Main.storyboard */,
			);
			path = Base.lproj;
			sourceTree = "<group>";
		};
		A100003B /* AppIcon.appiconset */ = {
			isa = PBXGroup;
			children = (
				A100003E /* Contents.json */,
			);
			path = AppIcon.appiconset;
			sourceTree = "<group>";
		};
		A1000057 /* en.lproj */ = {
			isa = PBXGroup;
			children = (
				A1000040 /* Localizable.strings */,
			);
			path = en.lproj;
			sourceTree = "<group>";
		};
		A1000058 /* zh-Hans.lproj */ = {
			isa = PBXGroup;
			children = (
				A1000042 /* Localizable.strings */,
			);
			path = zh-Hans.lproj;
			sourceTree = "<group>";
		};
		A1000059 /* es.lproj */ = {
			isa = PBXGroup;
			children = (
				A1000044 /* Localizable.strings */,
			);
			path = es.lproj;
			sourceTree = "<group>";
		};
		A100005A /* ar.lproj */ = {
			isa = PBXGroup;
			children = (
				A1000046 /* Localizable.strings */,
			);
			path = ar.lproj;
			sourceTree = "<group>";
		};
		A100005B /* fr.lproj */ = {
			isa = PBXGroup;
			children = (
				A1000048 /* Localizable.strings */,
			);
			path = fr.lproj;
			sourceTree = "<group>";
		};
		A100005C /* ru.lproj */ = {
			isa = PBXGroup;
			children = (
				A100004A /* Localizable.strings */,
			);
			path = ru.lproj;
			sourceTree = "<group>";
		};
/* End PBXGroup section */

/* Begin PBXNativeTarget section */
		A1FFFFFE /* EACOswap */ = {
			isa = PBXNativeTarget;
			buildConfigurationList = A1000100 /* Build configuration list for PBXNativeTarget "EACOswap" */;
			buildPhases = (
				A1FFFEF9 /* Sources */,
				A1FFFEFA /* Frameworks */,
				A1FFFEFB /* Resources */,
			);
			buildRules = (
			);
			dependencies = (
			);
			name = EACOswap;
			productName = EACOswap;
			productReference = A1FFFFFF /* EACOswap.app */;
			productType = "com.apple.product-type.application";
		};
/* End PBXNativeTarget section */

/* Begin PBXProject section */
		A1FFFEF1 /* Project object */ = {
			isa = PBXProject;
			attributes = {
				BuildIndependentTargetsInParallel = 1;
				LastSwiftUpdateCheck = 1500;
				LastUpgradeCheck = 1500;
				TargetAttributes = {
					A1FFFFFE = {
						CreatedOnToolsVersion = 15.0;
					};
				};
			};
			buildConfigurationList = A1FFFEF4 /* Build configuration list for PBXProject "EACOswap" */;
			compatibilityVersion = "Xcode 14.0";
			developmentRegion = en;
			hasScannedForEncodings = 0;
			knownRegions = (
				en,
				Base,
				"zh-Hans",
				es,
				ar,
				fr,
				ru,
			);
			mainGroup = A1FFFEF0;
			productRefGroup = A10000FF /* Products */;
			projectDirPath = "";
			projectRoot = "";
			targets = (
				A1FFFFFE /* EACOswap */,
			);
		};
/* End PBXProject section */

/* Begin PBXResourcesBuildPhase section */
		A1FFFEFB /* Resources */ = {
			isa = PBXResourcesBuildPhase;
			buildActionMask = 2147483647;
			files = (
				A1000037 /* LaunchScreen.storyboard in Resources */,
				A1000039 /* Main.storyboard in Resources */,
				A100003B /* Assets.xcassets in Resources */,
				A1000041 /* Localizable.strings in Resources */,
				A1000043 /* Localizable.strings in Resources */,
				A1000045 /* Localizable.strings in Resources */,
				A1000047 /* Localizable.strings in Resources */,
				A1000049 /* Localizable.strings in Resources */,
				A100004B /* Localizable.strings in Resources */,
				A100004D /* webview_error.html in Resources */,
			);
			runOnlyForDeploymentPostprocessing = 0;
		};
/* End PBXResourcesBuildPhase section */

/* Begin PBXSourcesBuildPhase section */
		A1FFFEF9 /* Sources */ = {
			isa = PBXSourcesBuildPhase;
			buildActionMask = 2147483647;
			files = (
				A1000001 /* AppDelegate.swift in Sources */,
				A1000003 /* SceneDelegate.swift in Sources */,
				A1000005 /* MainViewController.swift in Sources */,
				A1000007 /* ExchangeViewController.swift in Sources */,
				A1000009 /* MarketViewController.swift in Sources */,
				A100000B /* FAQViewController.swift in Sources */,
				A100000D /* SettingsViewController.swift in Sources */,
				A100000F /* Token.swift in Sources */,
				A1000011 /* DEX.swift in Sources */,
				A1000013 /* SwapQuote.swift in Sources */,
				A1000015 /* MarketData.swift in Sources */,
				A1000017 /* Theme.swift in Sources */,
				A1000019 /* Language.swift in Sources */,
				A100001B /* ApiService.swift in Sources */,
				A100001D /* WalletManager.swift in Sources */,
				A100001F /* ThemeManager.swift in Sources */,
				A1000021 /* LocalizationManager.swift in Sources */,
				A1000023 /* WebViewBridge.swift in Sources */,
				A1000025 /* TokenCardView.swift in Sources */,
				A1000027 /* DEXCardView.swift in Sources */,
				A1000029 /* SwapInputView.swift in Sources */,
				A100002B /* MarketTableViewCell.swift in Sources */,
				A100002D /* FAQTableViewCell.swift in Sources */,
				A100002F /* ThemeButton.swift in Sources */,
				A1000031 /* Constants.swift in Sources */,
				A1000033 /* Extensions.swift in Sources */,
				A1000035 /* Formatters.swift in Sources */,
			);
			runOnlyForDeploymentPostprocessing = 0;
		};
/* End PBXSourcesBuildPhase section */

/* Begin PBXVariantGroup section */
		A1000036 /* LaunchScreen.storyboard */ = {
			isa = PBXVariantGroup;
			children = (
				A1000036 /* LaunchScreen.storyboard */,
			);
			name = LaunchScreen.storyboard;
			sourceTree = "<group>";
		};
		A1000038 /* Main.storyboard */ = {
			isa = PBXVariantGroup;
			children = (
				A1000038 /* Main.storyboard */,
			);
			name = Main.storyboard;
			sourceTree = "<group>";
		};
		A1000040 /* Localizable.strings */ = {
			isa = PBXVariantGroup;
			children = (
				A1000040 /* Localizable.strings */,
			);
			name = Localizable.strings;
			sourceTree = "<group>";
		};
		A1000042 /* Localizable.strings */ = {
			isa = PBXVariantGroup;
			children = (
				A1000042 /* Localizable.strings */,
			);
			name = Localizable.strings;
			sourceTree = "<group>";
		};
		A1000044 /* Localizable.strings */ = {
			isa = PBXVariantGroup;
			children = (
				A1000044 /* Localizable.strings */,
			);
			name = Localizable.strings;
			sourceTree = "<group>";
		};
		A1000046 /* Localizable.strings */ = {
			isa = PBXVariantGroup;
			children = (
				A1000046 /* Localizable.strings */,
			);
			name = Localizable.strings;
			sourceTree = "<group>";
		};
		A1000048 /* Localizable.strings */ = {
			isa = PBXVariantGroup;
			children = (
				A1000048 /* Localizable.strings */,
			);
			name = Localizable.strings;
			sourceTree = "<group>";
		};
		A100004A /* Localizable.strings */ = {
			isa = PBXVariantGroup;
			children = (
				A100004A /* Localizable.strings */,
			);
			name = Localizable.strings;
			sourceTree = "<group>";
		};
/* End PBXVariantGroup section */

/* Begin XCBuildConfiguration section */
		A1000060 /* Debug */ = {
			isa = XCBuildConfiguration;
			buildSettings = {
				ALWAYS_SEARCH_USER_PATHS = NO;
				ASSETCATALOG_COMPILER_GENERATE_SWIFT_ASSET_SYMBOL_EXTENSIONS = YES;
				CLANG_ANALYZER_NONNULL = YES;
				CLANG_ANALYZER_NUMBER_OBJECT_CONVERSION = YES_AGGRESSIVE;
				CLANG_CXX_LANGUAGE_STANDARD = "gnu++20";
				CLANG_ENABLE_MODULES = YES;
				CLANG_ENABLE_OBJC_ARC = YES;
				CLANG_ENABLE_OBJC_WEAK = YES;
				CLANG_WARN_BLOCK_CAPTURE_AUTORELEASING = YES;
				CLANG_WARN_BOOL_CONVERSION = YES;
				CLANG_WARN_COMMA = YES;
				CLANG_WARN_CONSTANT_CONVERSION = YES;
				CLANG_WARN_DEPRECATED_OBJC_IMPLEMENTATIONS = YES;
				CLANG_WARN_DIRECT_OBJC_ISA_USAGE = YES_ERROR;
				CLANG_WARN_DOCUMENTATION_COMMENTS = YES;
				CLANG_WARN_EMPTY_BODY = YES;
				CLANG_WARN_ENUM_CONVERSION = YES;
				CLANG_WARN_INFINITE_RECURSION = YES;
				CLANG_WARN_INT_CONVERSION = YES;
				CLANG_WARN_NON_LITERAL_NULL_CONVERSION = YES;
				CLANG_WARN_OBJC_IMPLICIT_RETAIN_SELF = YES;
				CLANG_WARN_OBJC_LITERAL_CONVERSION = YES;
				CLANG_WARN_OBJC_ROOT_CLASS = YES_ERROR;
				CLANG_WARN_QUOTED_INCLUDE_IN_FRAMEWORK_HEADER = YES;
				CLANG_WARN_RANGE_LOOP_ANALYSIS = YES;
				CLANG_WARN_STRICT_PROTOTYPES = YES;
				CLANG_WARN_SUSPICIOUS_MOVE = YES;
				CLANG_WARN_UNGUARDED_AVAILABILITY = YES_AGGRESSIVE;
				CLANG_WARN_UNREACHABLE_CODE = YES;
				CLANG_WARN__DUPLICATE_METHOD_MATCH = YES;
				COPY_PHASE_STRIP = NO;
				DEBUG_INFORMATION_FORMAT = dwarf;
				ENABLE_STRICT_OBJC_MSGSEND = YES;
				ENABLE_TESTABILITY = YES;
				GCC_C_LANGUAGE_STANDARD = gnu17;
				GCC_DYNAMIC_NO_PIC = NO;
				GCC_NO_COMMON_BLOCKS = YES;
				GCC_OPTIMIZATION_LEVEL = 0;
				GCC_PREPROCESSOR_DEFINITIONS = (
					"DEBUG=1",
					"$(inherited)",
				);
				GCC_WARN_64_TO_32_BIT_CONVERSION = YES;
				GCC_WARN_ABOUT_RETURN_TYPE = YES_ERROR;
				GCC_WARN_UNDECLARED_SELECTOR = YES;
				GCC_WARN_UNINITIALIZED_AUTOS = YES_AGGRESSIVE;
				GCC_WARN_UNUSED_FUNCTION = YES;
				GCC_WARN_UNUSED_VARIABLE = YES;
				IPHONEOS_DEPLOYMENT_TARGET = 15.0;
				LOCALIZATION_PREFERS_STRING_CATALOGS = YES;
				MTL_ENABLE_DEBUG_INFO = INCLUDE_SOURCE;
				MTL_FAST_MATH = YES;
				ONLY_ACTIVE_ARCH = YES;
				SDKROOT = iphoneos;
				SWIFT_ACTIVE_COMPILATION_CONDITIONS = "DEBUG $(inherited)";
				SWIFT_OPTIMIZATION_LEVEL = "-Onone";
			};
			name = Debug;
		};
		A1000061 /* Release */ = {
			isa = XCBuildConfiguration;
			buildSettings = {
				ALWAYS_SEARCH_USER_PATHS = NO;
				ASSETCATALOG_COMPILER_GENERATE_SWIFT_ASSET_SYMBOL_EXTENSIONS = YES;
				CLANG_ANALYZER_NONNULL = YES;
				CLANG_ANALYZER_NUMBER_OBJECT_CONVERSION = YES_AGGRESSIVE;
				CLANG_CXX_LANGUAGE_STANDARD = "gnu++20";
				CLANG_ENABLE_MODULES = YES;
				CLANG_ENABLE_OBJC_ARC = YES;
				CLANG_ENABLE_OBJC_WEAK = YES;
				CLANG_WARN_BLOCK_CAPTURE_AUTORELEASING = YES;
				CLANG_WARN_BOOL_CONVERSION = YES;
				CLANG_WARN_COMMA = YES;
				CLANG_WARN_CONSTANT_CONVERSION = YES;
				CLANG_WARN_DEPRECATED_OBJC_IMPLEMENTATIONS = YES;
				CLANG_WARN_DIRECT_OBJC_ISA_USAGE = YES_ERROR;
				CLANG_WARN_DOCUMENTATION_COMMENTS = YES;
				CLANG_WARN_EMPTY_BODY = YES;
				CLANG_WARN_ENUM_CONVERSION = YES;
				CLANG_WARN_INFINITE_RECURSION = YES;
				CLANG_WARN_INT_CONVERSION = YES;
				CLANG_WARN_NON_LITERAL_NULL_CONVERSION = YES;
				CLANG_WARN_OBJC_IMPLICIT_RETAIN_SELF = YES;
				CLANG_WARN_OBJC_LITERAL_CONVERSION = YES;
				CLANG_WARN_OBJC_ROOT_CLASS = YES_ERROR;
				CLANG_WARN_QUOTED_INCLUDE_IN_FRAMEWORK_HEADER = YES;
				CLANG_WARN_RANGE_LOOP_ANALYSIS = YES;
				CLANG_WARN_STRICT_PROTOTYPES = YES;
				CLANG_WARN_SUSPICIOUS_MOVE = YES;
				CLANG_WARN_UNGUARDED_AVAILABILITY = YES_AGGRESSIVE;
				CLANG_WARN_UNREACHABLE_CODE = YES;
				CLANG_WARN__DUPLICATE_METHOD_MATCH = YES;
				COPY_PHASE_STRIP = NO;
				DEBUG_INFORMATION_FORMAT = "dwarf-with-dsym";
				ENABLE_NS_ASSERTIONS = NO;
				ENABLE_STRICT_OBJC_MSGSEND = YES;
				GCC_C_LANGUAGE_STANDARD = gnu17;
				GCC_NO_COMMON_BLOCKS = YES;
				GCC_WARN_64_TO_32_BIT_CONVERSION = YES;
				GCC_WARN_ABOUT_RETURN_TYPE = YES_ERROR;
				GCC_WARN_UNDECLARED_SELECTOR = YES;
				GCC_WARN_UNINITIALIZED_AUTOS = YES_AGGRESSIVE;
				GCC_WARN_UNUSED_FUNCTION = YES;
				GCC_WARN_UNUSED_VARIABLE = YES;
				IPHONEOS_DEPLOYMENT_TARGET = 15.0;
				LOCALIZATION_PREFERS_STRING_CATALOGS = YES;
				MTL_ENABLE_DEBUG_INFO = NO;
				MTL_FAST_MATH = YES;
				SDKROOT = iphoneos;
				SWIFT_COMPILATION_MODE = wholemodule;
				VALIDATE_PRODUCT = YES;
			};
			name = Release;
		};
		A1000062 /* Debug */ = {
			isa = XCBuildConfiguration;
			buildSettings = {
				ASSETCATALOG_COMPILER_APPICON_NAME = AppIcon;
				ASSETCATALOG_COMPILER_GLOBAL_ACCENT_COLOR_NAME = AccentColor;
				CODE_SIGN_STYLE = Automatic;
				CURRENT_PROJECT_VERSION = 1;
				DEVELOPMENT_ASSET_PATHS = "";
				ENABLE_PREVIEWS = YES;
				GENERATE_INFOPLIST_FILE = NO;
				INFOPLIST_FILE = EACOswap/Info.plist;
				INFOPLIST_KEY_UIApplicationSceneManifest_Generation = YES;
				INFOPLIST_KEY_UIApplicationSupportsIndirectInputEvents = YES;
				INFOPLIST_KEY_UILaunchScreen_Generation = YES;
				INFOPLIST_KEY_UISupportedInterfaceOrientations_iPad = "UIInterfaceOrientationPortrait UIInterfaceOrientationPortraitUpsideDown UIInterfaceOrientationLandscapeLeft UIInterfaceOrientationLandscapeRight";
				INFOPLIST_KEY_UISupportedInterfaceOrientations_iPhone = "UIInterfaceOrientationPortrait UIInterfaceOrientationLandscapeLeft UIInterfaceOrientationLandscapeRight";
				IPHONEOS_DEPLOYMENT_TARGET = 15.0;
				LD_RUNPATH_SEARCH_PATHS = (
					"$(inherited)",
					"@executable_path/Frameworks",
				);
				MARKETING_VERSION = 1.0.0;
				PRODUCT_BUNDLE_IDENTIFIER = com.eacoswap.app;
				PRODUCT_NAME = "$(TARGET_NAME)";
				SWIFT_EMIT_LOC_STRINGS = YES;
				SWIFT_VERSION = 5.0;
				TARGETED_DEVICE_FAMILY = "1,2";
			};
			name = Debug;
		};
		A1000063 /* Release */ = {
			isa = XCBuildConfiguration;
			buildSettings = {
				ASSETCATALOG_COMPILER_APPICON_NAME = AppIcon;
				ASSETCATALOG_COMPILER_GLOBAL_ACCENT_COLOR_NAME = AccentColor;
				CODE_SIGN_STYLE = Automatic;
				CURRENT_PROJECT_VERSION = 1;
				DEVELOPMENT_ASSET_PATHS = "";
				ENABLE_PREVIEWS = YES;
				GENERATE_INFOPLIST_FILE = NO;
				INFOPLIST_FILE = EACOswap/Info.plist;
				INFOPLIST_KEY_UIApplicationSceneManifest_Generation = YES;
				INFOPLIST_KEY_UIApplicationSupportsIndirectInputEvents = YES;
				INFOPLIST_KEY_UILaunchScreen_Generation = YES;
				INFOPLIST_KEY_UISupportedInterfaceOrientations_iPad = "UIInterfaceOrientationPortrait UIInterfaceOrientationPortraitUpsideDown UIInterfaceOrientationLandscapeLeft UIInterfaceOrientationLandscapeRight";
				INFOPLIST_KEY_UISupportedInterfaceOrientations_iPhone = "UIInterfaceOrientationPortrait UIInterfaceOrientationLandscapeLeft UIInterfaceOrientationLandscapeRight";
				IPHONEOS_DEPLOYMENT_TARGET = 15.0;
				LD_RUNPATH_SEARCH_PATHS = (
					"$(inherited)",
					"@executable_path/Frameworks",
				);
				MARKETING_VERSION = 1.0.0;
				PRODUCT_BUNDLE_IDENTIFIER = com.eacoswap.app;
				PRODUCT_NAME = "$(TARGET_NAME)";
				SWIFT_EMIT_LOC_STRINGS = YES;
				SWIFT_VERSION = 5.0;
				TARGETED_DEVICE_FAMILY = "1,2";
			};
			name = Release;
		};
/* End XCBuildConfiguration section */

/* Begin XCConfigurationList section */
		A1FFFEF4 /* Build configuration list for PBXProject "EACOswap" */ = {
			isa = XCConfigurationList;
			buildConfigurations = (
				A1000060 /* Debug */,
				A1000061 /* Release */,
			);
			defaultConfigurationIsVisible = 0;
			defaultConfigurationName = Release;
		};
		A1000100 /* Build configuration list for PBXNativeTarget "EACOswap" */ = {
			isa = XCConfigurationList;
			buildConfigurations = (
				A1000062 /* Debug */,
				A1000063 /* Release */,
			);
			defaultConfigurationIsVisible = 0;
			defaultConfigurationName = Release;
		};
/* End XCConfigurationList section */
	};
	rootObject = A1FFFEF1 /* Project object */;
}
